
Microsoft Visual Studio Solution File, Format Version 12.00
# Visual Studio Version 17
VisualStudioVersion = 17.0.31903.59
MinimumVisualStudioVersion = 10.0.40219.1
Project("{2150E333-8FDC-42A3-9474-1A3956D46DE8}") = "src", "src", "{827E0CD3-B72D-47B6-A68D-7590B98EB39B}"
EndProject
Project("{FAE04EC0-301F-11D3-BF4B-00C04F79EFBC}") = "ZenApi.Domain", "src\ZenApi.Domain\ZenApi.Domain.csproj", "{964FCB93-B670-4DD4-B110-FBF998A56426}"
EndProject
Project("{FAE04EC0-301F-11D3-BF4B-00C04F79EFBC}") = "ZenApi.Application", "src\ZenApi.Application\ZenApi.Application.csproj", "{864D11E0-983F-4DB0-BE0B-D65074A06126}"
EndProject
Project("{FAE04EC0-301F-11D3-BF4B-00C04F79EFBC}") = "ZenApi.Infrastructure", "src\ZenApi.Infrastructure\ZenApi.Infrastructure.csproj", "{3DF9E314-37E0-4992-88C2-DC079EB979BC}"
EndProject
Project("{FAE04EC0-301F-11D3-BF4B-00C04F79EFBC}") = "ZenApi.API", "src\ZenApi.API\ZenApi.API.csproj", "{5FA7DD0C-B24C-4CD4-B738-80E0F755CDCC}"
EndProject
Project("{2150E333-8FDC-42A3-9474-1A3956D46DE8}") = "tests", "tests", "{0AB3BF05-4346-4AA6-1389-037BE0695223}"
EndProject
Project("{FAE04EC0-301F-11D3-BF4B-00C04F79EFBC}") = "ZenApi.UnitTests", "tests\ZenApi.UnitTests\ZenApi.UnitTests.csproj", "{D148241E-6892-437A-BACB-CB18A88DFC60}"
EndProject
Global
	GlobalSection(SolutionConfigurationPlatforms) = preSolution
		Debug|Any CPU = Debug|Any CPU
		Debug|x64 = Debug|x64
		Debug|x86 = Debug|x86
		Release|Any CPU = Release|Any CPU
		Release|x64 = Release|x64
		Release|x86 = Release|x86
	EndGlobalSection
	GlobalSection(ProjectConfigurationPlatforms) = postSolution
		{964FCB93-B670-4DD4-B110-FBF998A56426}.Debug|Any CPU.ActiveCfg = Debug|Any CPU
		{964FCB93-B670-4DD4-B110-FBF998A56426}.Debug|Any CPU.Build.0 = Debug|Any CPU
		{964FCB93-B670-4DD4-B110-FBF998A56426}.Debug|x64.ActiveCfg = Debug|Any CPU
		{964FCB93-B670-4DD4-B110-FBF998A56426}.Debug|x64.Build.0 = Debug|Any CPU
		{964FCB93-B670-4DD4-B110-FBF998A56426}.Debug|x86.ActiveCfg = Debug|Any CPU
		{964FCB93-B670-4DD4-B110-FBF998A56426}.Debug|x86.Build.0 = Debug|Any CPU
		{964FCB93-B670-4DD4-B110-FBF998A56426}.Release|Any CPU.ActiveCfg = Release|Any CPU
		{964FCB93-B670-4DD4-B110-FBF998A56426}.Release|Any CPU.Build.0 = Release|Any CPU
		{964FCB93-B670-4DD4-B110-FBF998A56426}.Release|x64.ActiveCfg = Release|Any CPU
		{964FCB93-B670-4DD4-B110-FBF998A56426}.Release|x64.Build.0 = Release|Any CPU
		{964FCB93-B670-4DD4-B110-FBF998A56426}.Release|x86.ActiveCfg = Release|Any CPU
		{964FCB93-B670-4DD4-B110-FBF998A56426}.Release|x86.Build.0 = Release|Any CPU
		{864D11E0-983F-4DB0-BE0B-D65074A06126}.Debug|Any CPU.ActiveCfg = Debug|Any CPU
		{864D11E0-983F-4DB0-BE0B-D65074A06126}.Debug|Any CPU.Build.0 = Debug|Any CPU
		{864D11E0-983F-4DB0-BE0B-D65074A06126}.Debug|x64.ActiveCfg = Debug|Any CPU
		{864D11E0-983F-4DB0-BE0B-D65074A06126}.Debug|x64.Build.0 = Debug|Any CPU
		{864D11E0-983F-4DB0-BE0B-D65074A06126}.Debug|x86.ActiveCfg = Debug|Any CPU
		{864D11E0-983F-4DB0-BE0B-D65074A06126}.Debug|x86.Build.0 = Debug|Any CPU
		{864D11E0-983F-4DB0-BE0B-D65074A06126}.Release|Any CPU.ActiveCfg = Release|Any CPU
		{864D11E0-983F-4DB0-BE0B-D65074A06126}.Release|Any CPU.Build.0 = Release|Any CPU
		{864D11E0-983F-4DB0-BE0B-D65074A06126}.Release|x64.ActiveCfg = Release|Any CPU
		{864D11E0-983F-4DB0-BE0B-D65074A06126}.Release|x64.Build.0 = Release|Any CPU
		{864D11E0-983F-4DB0-BE0B-D65074A06126}.Release|x86.ActiveCfg = Release|Any CPU
		{864D11E0-983F-4DB0-BE0B-D65074A06126}.Release|x86.Build.0 = Release|Any CPU
		{3DF9E314-37E0-4992-88C2-DC079EB979BC}.Debug|Any CPU.ActiveCfg = Debug|Any CPU
		{3DF9E314-37E0-4992-88C2-DC079EB979BC}.Debug|Any CPU.Build.0 = Debug|Any CPU
		{3DF9E314-37E0-4992-88C2-DC079EB979BC}.Debug|x64.ActiveCfg = Debug|Any CPU
		{3DF9E314-37E0-4992-88C2-DC079EB979BC}.Debug|x64.Build.0 = Debug|Any CPU
		{3DF9E314-37E0-4992-88C2-DC079EB979BC}.Debug|x86.ActiveCfg = Debug|Any CPU
		{3DF9E314-37E0-4992-88C2-DC079EB979BC}.Debug|x86.Build.0 = Debug|Any CPU
		{3DF9E314-37E0-4992-88C2-DC079EB979BC}.Release|Any CPU.ActiveCfg = Release|Any CPU
		{3DF9E314-37E0-4992-88C2-DC079EB979BC}.Release|Any CPU.Build.0 = Release|Any CPU
		{3DF9E314-37E0-4992-88C2-DC079EB979BC}.Release|x64.ActiveCfg = Release|Any CPU
		{3DF9E314-37E0-4992-88C2-DC079EB979BC}.Release|x64.Build.0 = Release|Any CPU
		{3DF9E314-37E0-4992-88C2-DC079EB979BC}.Release|x86.ActiveCfg = Release|Any CPU
		{3DF9E314-37E0-4992-88C2-DC079EB979BC}.Release|x86.Build.0 = Release|Any CPU
		{5FA7DD0C-B24C-4CD4-B738-80E0F755CDCC}.Debug|Any CPU.ActiveCfg = Debug|Any CPU
		{5FA7DD0C-B24C-4CD4-B738-80E0F755CDCC}.Debug|Any CPU.Build.0 = Debug|Any CPU
		{5FA7DD0C-B24C-4CD4-B738-80E0F755CDCC}.Debug|x64.ActiveCfg = Debug|Any CPU
		{5FA7DD0C-B24C-4CD4-B738-80E0F755CDCC}.Debug|x64.Build.0 = Debug|Any CPU
		{5FA7DD0C-B24C-4CD4-B738-80E0F755CDCC}.Debug|x86.ActiveCfg = Debug|Any CPU
		{5FA7DD0C-B24C-4CD4-B738-80E0F755CDCC}.Debug|x86.Build.0 = Debug|Any CPU
		{5FA7DD0C-B24C-4CD4-B738-80E0F755CDCC}.Release|Any CPU.ActiveCfg = Release|Any CPU
		{5FA7DD0C-B24C-4CD4-B738-80E0F755CDCC}.Release|Any CPU.Build.0 = Release|Any CPU
		{5FA7DD0C-B24C-4CD4-B738-80E0F755CDCC}.Release|x64.ActiveCfg = Release|Any CPU
		{5FA7DD0C-B24C-4CD4-B738-80E0F755CDCC}.Release|x64.Build.0 = Release|Any CPU
		{5FA7DD0C-B24C-4CD4-B738-80E0F755CDCC}.Release|x86.ActiveCfg = Release|Any CPU
		{5FA7DD0C-B24C-4CD4-B738-80E0F755CDCC}.Release|x86.Build.0 = Release|Any CPU
		{D148241E-6892-437A-BACB-CB18A88DFC60}.Debug|Any CPU.ActiveCfg = Debug|Any CPU
		{D148241E-6892-437A-BACB-CB18A88DFC60}.Debug|Any CPU.Build.0 = Debug|Any CPU
		{D148241E-6892-437A-BACB-CB18A88DFC60}.Debug|x64.ActiveCfg = Debug|Any CPU
		{D148241E-6892-437A-BACB-CB18A88DFC60}.Debug|x64.Build.0 = Debug|Any CPU
		{D148241E-6892-437A-BACB-CB18A88DFC60}.Debug|x86.ActiveCfg = Debug|Any CPU
		{D148241E-6892-437A-BACB-CB18A88DFC60}.Debug|x86.Build.0 = Debug|Any CPU
		{D148241E-6892-437A-BACB-CB18A88DFC60}.Release|Any CPU.ActiveCfg = Release|Any CPU
		{D148241E-6892-437A-BACB-CB18A88DFC60}.Release|Any CPU.Build.0 = Release|Any CPU
		{D148241E-6892-437A-BACB-CB18A88DFC60}.Release|x64.ActiveCfg = Release|Any CPU
		{D148241E-6892-437A-BACB-CB18A88DFC60}.Release|x64.Build.0 = Release|Any CPU
		{D148241E-6892-437A-BACB-CB18A88DFC60}.Release|x86.ActiveCfg = Release|Any CPU
		{D148241E-6892-437A-BACB-CB18A88DFC60}.Release|x86.Build.0 = Release|Any CPU
		{00B0EC30-E996-4CA7-8A51-1F28D40447FE}.Debug|Any CPU.ActiveCfg = Debug|Any CPU
		{00B0EC30-E996-4CA7-8A51-1F28D40447FE}.Debug|Any CPU.Build.0 = Debug|Any CPU
		{00B0EC30-E996-4CA7-8A51-1F28D40447FE}.Debug|x64.ActiveCfg = Debug|Any CPU
		{00B0EC30-E996-4CA7-8A51-1F28D40447FE}.Debug|x64.Build.0 = Debug|Any CPU
		{00B0EC30-E996-4CA7-8A51-1F28D40447FE}.Debug|x86.ActiveCfg = Debug|Any CPU
		{00B0EC30-E996-4CA7-8A51-1F28D40447FE}.Debug|x86.Build.0 = Debug|Any CPU
		{00B0EC30-E996-4CA7-8A51-1F28D40447FE}.Release|Any CPU.ActiveCfg = Release|Any CPU
		{00B0EC30-E996-4CA7-8A51-1F28D40447FE}.Release|Any CPU.Build.0 = Release|Any CPU
		{00B0EC30-E996-4CA7-8A51-1F28D40447FE}.Release|x64.ActiveCfg = Release|Any CPU
		{00B0EC30-E996-4CA7-8A51-1F28D40447FE}.Release|x64.Build.0 = Release|Any CPU
		{00B0EC30-E996-4CA7-8A51-1F28D40447FE}.Release|x86.ActiveCfg = Release|Any CPU
		{00B0EC30-E996-4CA7-8A51-1F28D40447FE}.Release|x86.Build.0 = Release|Any CPU
	EndGlobalSection
	GlobalSection(SolutionProperties) = preSolution
		HideSolutionNode = FALSE
	EndGlobalSection
	GlobalSection(NestedProjects) = preSolution
		{964FCB93-B670-4DD4-B110-FBF998A56426} = {827E0CD3-B72D-47B6-A68D-7590B98EB39B}
		{864D11E0-983F-4DB0-BE0B-D65074A06126} = {827E0CD3-B72D-47B6-A68D-7590B98EB39B}
		{3DF9E314-37E0-4992-88C2-DC079EB979BC} = {827E0CD3-B72D-47B6-A68D-7590B98EB39B}
		{5FA7DD0C-B24C-4CD4-B738-80E0F755CDCC} = {827E0CD3-B72D-47B6-A68D-7590B98EB39B}
		{D148241E-6892-437A-BACB-CB18A88DFC60} = {0AB3BF05-4346-4AA6-1389-037BE0695223}
	EndGlobalSection
EndGlobal
